
Microsoft Visual Studio Solution File, Format Version 12.00
# Visual Studio 15
VisualStudioVersion = 15.0.27703.2026
MinimumVisualStudioVersion = 10.0.40219.1
Project("{FAE04EC0-301F-11D3-BF4B-00C04F79EFBC}") = "College.Management.Entites", "College.Management.Entites\College.Management.Entites.csproj", "{2CAC722C-F9E4-49EE-B438-B962B751A34A}"
EndProject
Project("{FAE04EC0-301F-11D3-BF4B-00C04F79EFBC}") = "College.Management.UI", "College.Management.UI\College.Management.UI.csproj", "{B9B9EB38-5076-42EA-996A-385A417F9853}"
EndProject
Project("{FAE04EC0-301F-11D3-BF4B-00C04F79EFBC}") = "College.Management.DataProviders", "College.Management.Infra\College.Management.DataProviders.csproj", "{7E35F67D-9B33-4218-8B5E-1709D077A89B}"
EndProject
Global
	GlobalSection(SolutionConfigurationPlatforms) = preSolution
		Debug|Any CPU = Debug|Any CPU
		Release|Any CPU = Release|Any CPU
	EndGlobalSection
	GlobalSection(ProjectConfigurationPlatforms) = postSolution
		{2CAC722C-F9E4-49EE-B438-B962B751A34A}.Debug|Any CPU.ActiveCfg = Debug|Any CPU
		{2CAC722C-F9E4-49EE-B438-B962B751A34A}.Debug|Any CPU.Build.0 = Debug|Any CPU
		{2CAC722C-F9E4-49EE-B438-B962B751A34A}.Release|Any CPU.ActiveCfg = Release|Any CPU
		{2CAC722C-F9E4-49EE-B438-B962B751A34A}.Release|Any CPU.Build.0 = Release|Any CPU
		{B9B9EB38-5076-42EA-996A-385A417F9853}.Debug|Any CPU.ActiveCfg = Debug|Any CPU
		{B9B9EB38-5076-42EA-996A-385A417F9853}.Debug|Any CPU.Build.0 = Debug|Any CPU
		{B9B9EB38-5076-42EA-996A-385A417F9853}.Release|Any CPU.ActiveCfg = Release|Any CPU
		{B9B9EB38-5076-42EA-996A-385A417F9853}.Release|Any CPU.Build.0 = Release|Any CPU
		{7E35F67D-9B33-4218-8B5E-1709D077A89B}.Debug|Any CPU.ActiveCfg = Debug|Any CPU
		{7E35F67D-9B33-4218-8B5E-1709D077A89B}.Debug|Any CPU.Build.0 = Debug|Any CPU
		{7E35F67D-9B33-4218-8B5E-1709D077A89B}.Release|Any CPU.ActiveCfg = Release|Any CPU
		{7E35F67D-9B33-4218-8B5E-1709D077A89B}.Release|Any CPU.Build.0 = Release|Any CPU
	EndGlobalSection
	GlobalSection(SolutionProperties) = preSolution
		HideSolutionNode = FALSE
	EndGlobalSection
	GlobalSection(ExtensibilityGlobals) = postSolution
		SolutionGuid = {C1EB9018-217D-4444-863F-1A71A74F617C}
	EndGlobalSection
EndGlobal
